{
    "_meta": {
        "hash": {
            "sha256": "b478bf4ededbb3236f54c9d3f776a4c54698cc7490d24b12fd333115c212efa9"
        },
        "pipfile-spec": 6,
        "requires": {
            "python_version": "3.8"
        },
        "sources": [
            {
                "name": "pypi",
                "url": "https://pypi.org/simple",
                "verify_ssl": false
            }
        ]
    },
    "default": {
        "altgraph": {
            "hashes": [
                "sha256:d6814989f242b2b43025cba7161fc1b8fb487a62cd49c49245d6fd01c18ac997",
                "sha256:ddf5320017147ba7b810198e0b6619bd7b5563aa034da388cea8546b877f9b0c"
            ],
            "version": "==0.16.1"
        },
        "pyinstaller": {
            "hashes": [
                "sha256:ee7504022d1332a3324250faf2135ea56ac71fdb6309cff8cd235de26b1d0a96"
            ],
            "version": "==3.5"
        },
        "pyxel": {
            "hashes": [
                "sha256:88f11dcbb18b6354af6001163457c7b0ae9a0076e1cc3cf44a2ae37a7dfa9a3c",
                "sha256:f32205155cd593ee9e3981af857e9711abc37356e2259387c88fafb69485560d"
            ],
            "index": "pypi",
            "version": "==1.2.8"
        }
    },
    "develop": {}
}
